
Microsoft Visual Studio Solution File, Format Version 12.00
# Visual Studio Version 17
VisualStudioVersion = 17.13.35825.156
MinimumVisualStudioVersion = 10.0.40219.1
Project("{FAE04EC0-301F-11D3-BF4B-00C04F79EFBC}") = "StorageSimulation", "StorageSimulation\StorageSimulation.csproj", "{6BAD3850-3A30-47A4-8C99-0CD204177EBE}"
EndProject
Project("{FAE04EC0-301F-11D3-BF4B-00C04F79EFBC}") = "StorageSimulationTests", "StorageSimulationTests\StorageSimulationTests.csproj", "{1EB9D2BA-F7BF-4A40-9C3F-891C10B4341A}"
EndProject
Global
	GlobalSection(SolutionConfigurationPlatforms) = preSolution
		Debug|Any CPU = Debug|Any CPU
		Release|Any CPU = Release|Any CPU
	EndGlobalSection
	GlobalSection(ProjectConfigurationPlatforms) = postSolution
		{6BAD3850-3A30-47A4-8C99-0CD204177EBE}.Debug|Any CPU.ActiveCfg = Debug|Any CPU
		{6BAD3850-3A30-47A4-8C99-0CD204177EBE}.Debug|Any CPU.Build.0 = Debug|Any CPU
		{6BAD3850-3A30-47A4-8C99-0CD204177EBE}.Release|Any CPU.ActiveCfg = Release|Any CPU
		{6BAD3850-3A30-47A4-8C99-0CD204177EBE}.Release|Any CPU.Build.0 = Release|Any CPU
		{1EB9D2BA-F7BF-4A40-9C3F-891C10B4341A}.Debug|Any CPU.ActiveCfg = Debug|Any CPU
		{1EB9D2BA-F7BF-4A40-9C3F-891C10B4341A}.Debug|Any CPU.Build.0 = Debug|Any CPU
		{1EB9D2BA-F7BF-4A40-9C3F-891C10B4341A}.Release|Any CPU.ActiveCfg = Release|Any CPU
		{1EB9D2BA-F7BF-4A40-9C3F-891C10B4341A}.Release|Any CPU.Build.0 = Release|Any CPU
	EndGlobalSection
	GlobalSection(SolutionProperties) = preSolution
		HideSolutionNode = FALSE
	EndGlobalSection
	GlobalSection(ExtensibilityGlobals) = postSolution
		SolutionGuid = {8D7691D1-B1B9-47D1-9069-88096A6C61B2}
	EndGlobalSection
EndGlobal
